
Microsoft Visual Studio Solution File, Format Version 12.00
# Visual Studio Version 17
VisualStudioVersion = 17.14.36511.14
MinimumVisualStudioVersion = 10.0.40219.1
Project("{2150E333-8FDC-42A3-9474-1A3956D46DE8}") = "Task0", "Task0", "{02EA681E-C7D8-13C7-8484-4AC65E1B71E8}"
EndProject
Project("{FAE04EC0-301F-11D3-BF4B-00C04F79EFBC}") = "Tyuiu.LeushinP.Sprint4.Task0.V28", "Tyuiu.LeushinP.Sprint4.Task0.V28\Tyuiu.LeushinP.Sprint4.Task0.V28.csproj", "{6C291528-6AA7-4539-BE1F-4F199DF812A4}"
EndProject
Project("{FAE04EC0-301F-11D3-BF4B-00C04F79EFBC}") = "Tyuiu.LeushinP.Sprint4.Task0.V28.Test", "Tyuiu.LeushinP.Sprint4.Task0.V28.Test\Tyuiu.LeushinP.Sprint4.Task0.V28.Test.csproj", "{ABF483CA-1A22-4E98-9D8F-5A4A7210AA90}"
EndProject
Project("{FAE04EC0-301F-11D3-BF4B-00C04F79EFBC}") = "Tyuiu.LeushinP.Sprint4.Task0.V28.Lib", "Tyuiu.LeushinP.Sprint4.Task0.V28.Lib\Tyuiu.LeushinP.Sprint4.Task0.V28.Lib.csproj", "{5E023253-666B-4E7F-A4C8-CB173B95F109}"
EndProject
Project("{2150E333-8FDC-42A3-9474-1A3956D46DE8}") = "Task1", "Task1", "{687E2E40-5C5D-47FD-AEB3-FEDFF35E0BB7}"
EndProject
Project("{FAE04EC0-301F-11D3-BF4B-00C04F79EFBC}") = "Tyuiu.LeushinP.Sprint4.Task1.V2", "Tyuiu.LeushinP.Sprint4.Task1.V2\Tyuiu.LeushinP.Sprint4.Task1.V2.csproj", "{D1F043BC-C877-476E-B62E-4C41620418E8}"
EndProject
Project("{FAE04EC0-301F-11D3-BF4B-00C04F79EFBC}") = "Tyuiu.LeushinP.Sprint4.Task1.V2.Lib", "Tyuiu.LeushinP.Sprint4.Task1.V2.Lib\Tyuiu.LeushinP.Sprint4.Task1.V2.Lib.csproj", "{8CFFCB14-F00D-480D-888E-75616992B323}"
EndProject
Project("{FAE04EC0-301F-11D3-BF4B-00C04F79EFBC}") = "Tyuiu.LeushinP.Sprint4.Task1.V2.Test", "Tyuiu.LeushinP.Sprint4.Task1.V2.Test\Tyuiu.LeushinP.Sprint4.Task1.V2.Test.csproj", "{E09BE42B-8CD0-409B-BBE6-0C9564A0845D}"
EndProject
Project("{2150E333-8FDC-42A3-9474-1A3956D46DE8}") = "Task2", "Task2", "{3D503F74-2AFB-4E33-9F9F-807913E98852}"
EndProject
Project("{FAE04EC0-301F-11D3-BF4B-00C04F79EFBC}") = "Tyuiu.LeushinP.Sprint4.Task2.V11", "Tyuiu.LeushinP.Sprint4.Task2.V11\Tyuiu.LeushinP.Sprint4.Task2.V11.csproj", "{A2BE6439-33BA-49D2-8427-6FB2BDC91CEF}"
EndProject
Project("{FAE04EC0-301F-11D3-BF4B-00C04F79EFBC}") = "Tyuiu.LeushinP.Sprint4.Task2.V11.Test", "Tyuiu.LeushinP.Sprint4.Task2.V11.Test\Tyuiu.LeushinP.Sprint4.Task2.V11.Test.csproj", "{82D41EF4-0AAD-47E3-81BD-08DCE790F6CF}"
EndProject
Project("{FAE04EC0-301F-11D3-BF4B-00C04F79EFBC}") = "Tyuiu.LeushinP.Sprint4.Task2.V11.Lib", "Tyuiu.LeushinP.Sprint4.Task2.V11.Lib\Tyuiu.LeushinP.Sprint4.Task2.V11.Lib.csproj", "{BDC4F638-39E9-42A3-A791-E08CF0011266}"
EndProject
Global
	GlobalSection(SolutionConfigurationPlatforms) = preSolution
		Debug|Any CPU = Debug|Any CPU
		Release|Any CPU = Release|Any CPU
	EndGlobalSection
	GlobalSection(ProjectConfigurationPlatforms) = postSolution
		{6C291528-6AA7-4539-BE1F-4F199DF812A4}.Debug|Any CPU.ActiveCfg = Debug|Any CPU
		{6C291528-6AA7-4539-BE1F-4F199DF812A4}.Debug|Any CPU.Build.0 = Debug|Any CPU
		{6C291528-6AA7-4539-BE1F-4F199DF812A4}.Release|Any CPU.ActiveCfg = Release|Any CPU
		{6C291528-6AA7-4539-BE1F-4F199DF812A4}.Release|Any CPU.Build.0 = Release|Any CPU
		{ABF483CA-1A22-4E98-9D8F-5A4A7210AA90}.Debug|Any CPU.ActiveCfg = Debug|Any CPU
		{ABF483CA-1A22-4E98-9D8F-5A4A7210AA90}.Debug|Any CPU.Build.0 = Debug|Any CPU
		{ABF483CA-1A22-4E98-9D8F-5A4A7210AA90}.Release|Any CPU.ActiveCfg = Release|Any CPU
		{ABF483CA-1A22-4E98-9D8F-5A4A7210AA90}.Release|Any CPU.Build.0 = Release|Any CPU
		{5E023253-666B-4E7F-A4C8-CB173B95F109}.Debug|Any CPU.ActiveCfg = Debug|Any CPU
		{5E023253-666B-4E7F-A4C8-CB173B95F109}.Debug|Any CPU.Build.0 = Debug|Any CPU
		{5E023253-666B-4E7F-A4C8-CB173B95F109}.Release|Any CPU.ActiveCfg = Release|Any CPU
		{5E023253-666B-4E7F-A4C8-CB173B95F109}.Release|Any CPU.Build.0 = Release|Any CPU
		{D1F043BC-C877-476E-B62E-4C41620418E8}.Debug|Any CPU.ActiveCfg = Debug|Any CPU
		{D1F043BC-C877-476E-B62E-4C41620418E8}.Debug|Any CPU.Build.0 = Debug|Any CPU
		{D1F043BC-C877-476E-B62E-4C41620418E8}.Release|Any CPU.ActiveCfg = Release|Any CPU
		{D1F043BC-C877-476E-B62E-4C41620418E8}.Release|Any CPU.Build.0 = Release|Any CPU
		{8CFFCB14-F00D-480D-888E-75616992B323}.Debug|Any CPU.ActiveCfg = Debug|Any CPU
		{8CFFCB14-F00D-480D-888E-75616992B323}.Debug|Any CPU.Build.0 = Debug|Any CPU
		{8CFFCB14-F00D-480D-888E-75616992B323}.Release|Any CPU.ActiveCfg = Release|Any CPU
		{8CFFCB14-F00D-480D-888E-75616992B323}.Release|Any CPU.Build.0 = Release|Any CPU
		{E09BE42B-8CD0-409B-BBE6-0C9564A0845D}.Debug|Any CPU.ActiveCfg = Debug|Any CPU
		{E09BE42B-8CD0-409B-BBE6-0C9564A0845D}.Debug|Any CPU.Build.0 = Debug|Any CPU
		{E09BE42B-8CD0-409B-BBE6-0C9564A0845D}.Release|Any CPU.ActiveCfg = Release|Any CPU
		{E09BE42B-8CD0-409B-BBE6-0C9564A0845D}.Release|Any CPU.Build.0 = Release|Any CPU
		{A2BE6439-33BA-49D2-8427-6FB2BDC91CEF}.Debug|Any CPU.ActiveCfg = Debug|Any CPU
		{A2BE6439-33BA-49D2-8427-6FB2BDC91CEF}.Debug|Any CPU.Build.0 = Debug|Any CPU
		{A2BE6439-33BA-49D2-8427-6FB2BDC91CEF}.Release|Any CPU.ActiveCfg = Release|Any CPU
		{A2BE6439-33BA-49D2-8427-6FB2BDC91CEF}.Release|Any CPU.Build.0 = Release|Any CPU
		{82D41EF4-0AAD-47E3-81BD-08DCE790F6CF}.Debug|Any CPU.ActiveCfg = Debug|Any CPU
		{82D41EF4-0AAD-47E3-81BD-08DCE790F6CF}.Debug|Any CPU.Build.0 = Debug|Any CPU
		{82D41EF4-0AAD-47E3-81BD-08DCE790F6CF}.Release|Any CPU.ActiveCfg = Release|Any CPU
		{82D41EF4-0AAD-47E3-81BD-08DCE790F6CF}.Release|Any CPU.Build.0 = Release|Any CPU
		{BDC4F638-39E9-42A3-A791-E08CF0011266}.Debug|Any CPU.ActiveCfg = Debug|Any CPU
		{BDC4F638-39E9-42A3-A791-E08CF0011266}.Debug|Any CPU.Build.0 = Debug|Any CPU
		{BDC4F638-39E9-42A3-A791-E08CF0011266}.Release|Any CPU.ActiveCfg = Release|Any CPU
		{BDC4F638-39E9-42A3-A791-E08CF0011266}.Release|Any CPU.Build.0 = Release|Any CPU
	EndGlobalSection
	GlobalSection(SolutionProperties) = preSolution
		HideSolutionNode = FALSE
	EndGlobalSection
	GlobalSection(NestedProjects) = preSolution
		{6C291528-6AA7-4539-BE1F-4F199DF812A4} = {02EA681E-C7D8-13C7-8484-4AC65E1B71E8}
		{ABF483CA-1A22-4E98-9D8F-5A4A7210AA90} = {02EA681E-C7D8-13C7-8484-4AC65E1B71E8}
		{5E023253-666B-4E7F-A4C8-CB173B95F109} = {02EA681E-C7D8-13C7-8484-4AC65E1B71E8}
		{D1F043BC-C877-476E-B62E-4C41620418E8} = {687E2E40-5C5D-47FD-AEB3-FEDFF35E0BB7}
		{8CFFCB14-F00D-480D-888E-75616992B323} = {687E2E40-5C5D-47FD-AEB3-FEDFF35E0BB7}
		{E09BE42B-8CD0-409B-BBE6-0C9564A0845D} = {687E2E40-5C5D-47FD-AEB3-FEDFF35E0BB7}
		{A2BE6439-33BA-49D2-8427-6FB2BDC91CEF} = {3D503F74-2AFB-4E33-9F9F-807913E98852}
		{82D41EF4-0AAD-47E3-81BD-08DCE790F6CF} = {3D503F74-2AFB-4E33-9F9F-807913E98852}
		{BDC4F638-39E9-42A3-A791-E08CF0011266} = {3D503F74-2AFB-4E33-9F9F-807913E98852}
	EndGlobalSection
	GlobalSection(ExtensibilityGlobals) = postSolution
		SolutionGuid = {A6C859A5-4ACA-40D0-B986-5CD05D6AAE49}
	EndGlobalSection
EndGlobal
